
Microsoft Visual Studio Solution File, Format Version 11.00
# Visual Studio 2010
Project("{F184B08F-C81C-45F6-A57F-5ABD9991F28F}") = "GT1", "GT1\GT1.vbproj", "{A4E01275-CB40-497B-B77D-5BB0F2F4833F}"
	ProjectSection(ProjectDependencies) = postProject
		{F4311AA6-DFEB-4B5F-B056-AFD7A1B7FCF3} = {F4311AA6-DFEB-4B5F-B056-AFD7A1B7FCF3}
	EndProjectSection
EndProject
Project("{F184B08F-C81C-45F6-A57F-5ABD9991F28F}") = "ByteClassLibrary", "..\ByteClassLibrary\ByteClassLibrary\ByteClassLibrary.vbproj", "{147522CB-BC6E-4640-8719-A9ED09DA1BF7}"
EndProject
Project("{F184B08F-C81C-45F6-A57F-5ABD9991F28F}") = "MyUpdater", "MyUpdater\MyUpdater.vbproj", "{A277126F-FF61-463A-88A1-B9FAD11CAA6B}"
EndProject
Project("{F184B08F-C81C-45F6-A57F-5ABD9991F28F}") = "MyActivator", "MyActivator\MyActivator.vbproj", "{1991FFEE-9D73-45DB-9497-99DC53D40519}"
EndProject
Project("{E24C65DC-7377-472B-9ABA-BC803B73C61A}") = "ByteServices", "..\ByteServices\", "{F4311AA6-DFEB-4B5F-B056-AFD7A1B7FCF3}"
	ProjectSection(WebsiteProperties) = preProject
		TargetFrameworkMoniker = ".NETFramework,Version%3Dv4.0"
		Debug.AspNetCompiler.VirtualPath = "/ByteServices"
		Debug.AspNetCompiler.PhysicalPath = "..\ByteServices\"
		Debug.AspNetCompiler.TargetPath = "PrecompiledWeb\ByteServices\"
		Debug.AspNetCompiler.Updateable = "true"
		Debug.AspNetCompiler.ForceOverwrite = "true"
		Debug.AspNetCompiler.FixedNames = "false"
		Debug.AspNetCompiler.Debug = "True"
		Release.AspNetCompiler.VirtualPath = "/ByteServices"
		Release.AspNetCompiler.PhysicalPath = "..\ByteServices\"
		Release.AspNetCompiler.TargetPath = "PrecompiledWeb\ByteServices\"
		Release.AspNetCompiler.Updateable = "true"
		Release.AspNetCompiler.ForceOverwrite = "true"
		Release.AspNetCompiler.FixedNames = "false"
		Release.AspNetCompiler.Debug = "False"
		VWDPort = "10071"
		DefaultWebSiteLanguage = "Visual Basic"
	EndProjectSection
EndProject
Project("{E24C65DC-7377-472B-9ABA-BC803B73C61A}") = "WebAddClientLicense", "..\WebAddClientLicense\", "{0808B29F-D3DB-47C3-AEDC-48D4E7532FD7}"
	ProjectSection(WebsiteProperties) = preProject
		TargetFrameworkMoniker = ".NETFramework,Version%3Dv4.0"
		Debug.AspNetCompiler.VirtualPath = "/WebAddClientLicense"
		Debug.AspNetCompiler.PhysicalPath = "..\WebAddClientLicense\"
		Debug.AspNetCompiler.TargetPath = "PrecompiledWeb\WebAddClientLicense\"
		Debug.AspNetCompiler.Updateable = "true"
		Debug.AspNetCompiler.ForceOverwrite = "true"
		Debug.AspNetCompiler.FixedNames = "false"
		Debug.AspNetCompiler.Debug = "True"
		Release.AspNetCompiler.VirtualPath = "/WebAddClientLicense"
		Release.AspNetCompiler.PhysicalPath = "..\WebAddClientLicense\"
		Release.AspNetCompiler.TargetPath = "PrecompiledWeb\WebAddClientLicense\"
		Release.AspNetCompiler.Updateable = "true"
		Release.AspNetCompiler.ForceOverwrite = "true"
		Release.AspNetCompiler.FixedNames = "false"
		Release.AspNetCompiler.Debug = "False"
		VWDPort = "2379"
		DefaultWebSiteLanguage = "Visual Basic"
	EndProjectSection
EndProject
Project("{F184B08F-C81C-45F6-A57F-5ABD9991F28F}") = "ByteMyPictureBox", "..\ByteClassLibrary\ByteMyPictureBox\ByteMyPictureBox.vbproj", "{DA0195D2-714B-45B1-A26F-A8958E3D2ADA}"
EndProject
Global
	GlobalSection(SolutionConfigurationPlatforms) = preSolution
		Debug|Any CPU = Debug|Any CPU
		Debug|Mixed Platforms = Debug|Mixed Platforms
		Debug|x86 = Debug|x86
		Release|Any CPU = Release|Any CPU
		Release|Mixed Platforms = Release|Mixed Platforms
		Release|x86 = Release|x86
	EndGlobalSection
	GlobalSection(ProjectConfigurationPlatforms) = postSolution
		{A4E01275-CB40-497B-B77D-5BB0F2F4833F}.Debug|Any CPU.ActiveCfg = Debug|Any CPU
		{A4E01275-CB40-497B-B77D-5BB0F2F4833F}.Debug|Any CPU.Build.0 = Debug|Any CPU
		{A4E01275-CB40-497B-B77D-5BB0F2F4833F}.Debug|Mixed Platforms.ActiveCfg = Debug|Any CPU
		{A4E01275-CB40-497B-B77D-5BB0F2F4833F}.Debug|Mixed Platforms.Build.0 = Debug|Any CPU
		{A4E01275-CB40-497B-B77D-5BB0F2F4833F}.Debug|x86.ActiveCfg = Debug|x86
		{A4E01275-CB40-497B-B77D-5BB0F2F4833F}.Debug|x86.Build.0 = Debug|x86
		{A4E01275-CB40-497B-B77D-5BB0F2F4833F}.Release|Any CPU.ActiveCfg = Release|Any CPU
		{A4E01275-CB40-497B-B77D-5BB0F2F4833F}.Release|Any CPU.Build.0 = Release|Any CPU
		{A4E01275-CB40-497B-B77D-5BB0F2F4833F}.Release|Mixed Platforms.ActiveCfg = Release|Any CPU
		{A4E01275-CB40-497B-B77D-5BB0F2F4833F}.Release|Mixed Platforms.Build.0 = Release|Any CPU
		{A4E01275-CB40-497B-B77D-5BB0F2F4833F}.Release|x86.ActiveCfg = Release|x86
		{A4E01275-CB40-497B-B77D-5BB0F2F4833F}.Release|x86.Build.0 = Release|x86
		{147522CB-BC6E-4640-8719-A9ED09DA1BF7}.Debug|Any CPU.ActiveCfg = Debug|Any CPU
		{147522CB-BC6E-4640-8719-A9ED09DA1BF7}.Debug|Any CPU.Build.0 = Debug|Any CPU
		{147522CB-BC6E-4640-8719-A9ED09DA1BF7}.Debug|Mixed Platforms.ActiveCfg = Debug|Any CPU
		{147522CB-BC6E-4640-8719-A9ED09DA1BF7}.Debug|Mixed Platforms.Build.0 = Debug|Any CPU
		{147522CB-BC6E-4640-8719-A9ED09DA1BF7}.Debug|x86.ActiveCfg = Debug|Any CPU
		{147522CB-BC6E-4640-8719-A9ED09DA1BF7}.Debug|x86.Build.0 = Debug|Any CPU
		{147522CB-BC6E-4640-8719-A9ED09DA1BF7}.Release|Any CPU.ActiveCfg = Release|Any CPU
		{147522CB-BC6E-4640-8719-A9ED09DA1BF7}.Release|Any CPU.Build.0 = Release|Any CPU
		{147522CB-BC6E-4640-8719-A9ED09DA1BF7}.Release|Mixed Platforms.ActiveCfg = Release|Any CPU
		{147522CB-BC6E-4640-8719-A9ED09DA1BF7}.Release|Mixed Platforms.Build.0 = Release|Any CPU
		{147522CB-BC6E-4640-8719-A9ED09DA1BF7}.Release|x86.ActiveCfg = Release|Any CPU
		{A277126F-FF61-463A-88A1-B9FAD11CAA6B}.Debug|Any CPU.ActiveCfg = Debug|x86
		{A277126F-FF61-463A-88A1-B9FAD11CAA6B}.Debug|Mixed Platforms.ActiveCfg = Debug|x86
		{A277126F-FF61-463A-88A1-B9FAD11CAA6B}.Debug|Mixed Platforms.Build.0 = Debug|x86
		{A277126F-FF61-463A-88A1-B9FAD11CAA6B}.Debug|x86.ActiveCfg = Debug|x86
		{A277126F-FF61-463A-88A1-B9FAD11CAA6B}.Debug|x86.Build.0 = Debug|x86
		{A277126F-FF61-463A-88A1-B9FAD11CAA6B}.Release|Any CPU.ActiveCfg = Release|x86
		{A277126F-FF61-463A-88A1-B9FAD11CAA6B}.Release|Mixed Platforms.ActiveCfg = Release|x86
		{A277126F-FF61-463A-88A1-B9FAD11CAA6B}.Release|Mixed Platforms.Build.0 = Release|x86
		{A277126F-FF61-463A-88A1-B9FAD11CAA6B}.Release|x86.ActiveCfg = Release|x86
		{A277126F-FF61-463A-88A1-B9FAD11CAA6B}.Release|x86.Build.0 = Release|x86
		{1991FFEE-9D73-45DB-9497-99DC53D40519}.Debug|Any CPU.ActiveCfg = Debug|x86
		{1991FFEE-9D73-45DB-9497-99DC53D40519}.Debug|Mixed Platforms.ActiveCfg = Debug|x86
		{1991FFEE-9D73-45DB-9497-99DC53D40519}.Debug|Mixed Platforms.Build.0 = Debug|x86
		{1991FFEE-9D73-45DB-9497-99DC53D40519}.Debug|x86.ActiveCfg = Debug|x86
		{1991FFEE-9D73-45DB-9497-99DC53D40519}.Debug|x86.Build.0 = Debug|x86
		{1991FFEE-9D73-45DB-9497-99DC53D40519}.Release|Any CPU.ActiveCfg = Release|x86
		{1991FFEE-9D73-45DB-9497-99DC53D40519}.Release|Mixed Platforms.ActiveCfg = Release|x86
		{1991FFEE-9D73-45DB-9497-99DC53D40519}.Release|Mixed Platforms.Build.0 = Release|x86
		{1991FFEE-9D73-45DB-9497-99DC53D40519}.Release|x86.ActiveCfg = Release|x86
		{1991FFEE-9D73-45DB-9497-99DC53D40519}.Release|x86.Build.0 = Release|x86
		{F4311AA6-DFEB-4B5F-B056-AFD7A1B7FCF3}.Debug|Any CPU.ActiveCfg = Debug|Any CPU
		{F4311AA6-DFEB-4B5F-B056-AFD7A1B7FCF3}.Debug|Any CPU.Build.0 = Debug|Any CPU
		{F4311AA6-DFEB-4B5F-B056-AFD7A1B7FCF3}.Debug|Mixed Platforms.ActiveCfg = Debug|Any CPU
		{F4311AA6-DFEB-4B5F-B056-AFD7A1B7FCF3}.Debug|Mixed Platforms.Build.0 = Debug|Any CPU
		{F4311AA6-DFEB-4B5F-B056-AFD7A1B7FCF3}.Debug|x86.ActiveCfg = Debug|Any CPU
		{F4311AA6-DFEB-4B5F-B056-AFD7A1B7FCF3}.Release|Any CPU.ActiveCfg = Debug|Any CPU
		{F4311AA6-DFEB-4B5F-B056-AFD7A1B7FCF3}.Release|Any CPU.Build.0 = Debug|Any CPU
		{F4311AA6-DFEB-4B5F-B056-AFD7A1B7FCF3}.Release|Mixed Platforms.ActiveCfg = Debug|Any CPU
		{F4311AA6-DFEB-4B5F-B056-AFD7A1B7FCF3}.Release|Mixed Platforms.Build.0 = Debug|Any CPU
		{F4311AA6-DFEB-4B5F-B056-AFD7A1B7FCF3}.Release|x86.ActiveCfg = Debug|Any CPU
		{0808B29F-D3DB-47C3-AEDC-48D4E7532FD7}.Debug|Any CPU.ActiveCfg = Debug|Any CPU
		{0808B29F-D3DB-47C3-AEDC-48D4E7532FD7}.Debug|Any CPU.Build.0 = Debug|Any CPU
		{0808B29F-D3DB-47C3-AEDC-48D4E7532FD7}.Debug|Mixed Platforms.ActiveCfg = Debug|Any CPU
		{0808B29F-D3DB-47C3-AEDC-48D4E7532FD7}.Debug|Mixed Platforms.Build.0 = Debug|Any CPU
		{0808B29F-D3DB-47C3-AEDC-48D4E7532FD7}.Debug|x86.ActiveCfg = Debug|Any CPU
		{0808B29F-D3DB-47C3-AEDC-48D4E7532FD7}.Release|Any CPU.ActiveCfg = Debug|Any CPU
		{0808B29F-D3DB-47C3-AEDC-48D4E7532FD7}.Release|Any CPU.Build.0 = Debug|Any CPU
		{0808B29F-D3DB-47C3-AEDC-48D4E7532FD7}.Release|Mixed Platforms.ActiveCfg = Debug|Any CPU
		{0808B29F-D3DB-47C3-AEDC-48D4E7532FD7}.Release|Mixed Platforms.Build.0 = Debug|Any CPU
		{0808B29F-D3DB-47C3-AEDC-48D4E7532FD7}.Release|x86.ActiveCfg = Debug|Any CPU
		{DA0195D2-714B-45B1-A26F-A8958E3D2ADA}.Debug|Any CPU.ActiveCfg = Debug|Any CPU
		{DA0195D2-714B-45B1-A26F-A8958E3D2ADA}.Debug|Any CPU.Build.0 = Debug|Any CPU
		{DA0195D2-714B-45B1-A26F-A8958E3D2ADA}.Debug|Mixed Platforms.ActiveCfg = Debug|Any CPU
		{DA0195D2-714B-45B1-A26F-A8958E3D2ADA}.Debug|Mixed Platforms.Build.0 = Debug|Any CPU
		{DA0195D2-714B-45B1-A26F-A8958E3D2ADA}.Debug|x86.ActiveCfg = Debug|Any CPU
		{DA0195D2-714B-45B1-A26F-A8958E3D2ADA}.Release|Any CPU.ActiveCfg = Release|Any CPU
		{DA0195D2-714B-45B1-A26F-A8958E3D2ADA}.Release|Any CPU.Build.0 = Release|Any CPU
		{DA0195D2-714B-45B1-A26F-A8958E3D2ADA}.Release|Mixed Platforms.ActiveCfg = Release|Any CPU
		{DA0195D2-714B-45B1-A26F-A8958E3D2ADA}.Release|Mixed Platforms.Build.0 = Release|Any CPU
		{DA0195D2-714B-45B1-A26F-A8958E3D2ADA}.Release|x86.ActiveCfg = Release|Any CPU
	EndGlobalSection
	GlobalSection(SolutionProperties) = preSolution
		HideSolutionNode = FALSE
	EndGlobalSection
EndGlobal
